
Microsoft Visual Studio Solution File, Format Version 12.00
# Visual Studio Version 16
VisualStudioVersion = 16.0.31605.320
MinimumVisualStudioVersion = 10.0.40219.1
Project("{FAE04EC0-301F-11D3-BF4B-00C04F79EFBC}") = "PRACTICAPROGRAMACION", "PRACTICAPROGRAMACION\PRACTICAPROGRAMACION.csproj", "{01F3DA6A-CEF0-4051-8A5B-4F1196054515}"
EndProject
Global
	GlobalSection(SolutionConfigurationPlatforms) = preSolution
		Debug|Any CPU = Debug|Any CPU
		Release|Any CPU = Release|Any CPU
	EndGlobalSection
	GlobalSection(ProjectConfigurationPlatforms) = postSolution
		{01F3DA6A-CEF0-4051-8A5B-4F1196054515}.Debug|Any CPU.ActiveCfg = Debug|Any CPU
		{01F3DA6A-CEF0-4051-8A5B-4F1196054515}.Debug|Any CPU.Build.0 = Debug|Any CPU
		{01F3DA6A-CEF0-4051-8A5B-4F1196054515}.Release|Any CPU.ActiveCfg = Release|Any CPU
		{01F3DA6A-CEF0-4051-8A5B-4F1196054515}.Release|Any CPU.Build.0 = Release|Any CPU
	EndGlobalSection
	GlobalSection(SolutionProperties) = preSolution
		HideSolutionNode = FALSE
	EndGlobalSection
	GlobalSection(ExtensibilityGlobals) = postSolution
		SolutionGuid = {E67AFD5C-8F02-44AF-BF1C-5893827D5022}
	EndGlobalSection
EndGlobal
